
Microsoft Visual Studio Solution File, Format Version 12.00
# Visual Studio Version 17
VisualStudioVersion = 17.5.002.0
MinimumVisualStudioVersion = 10.0.40219.1
Project("{9A19103F-16F7-4668-BE54-9A1E7A4F7556}") = "learn-csharp", "learn-csharp.csproj", "{D285DD96-5141-4569-B79F-A239934B1B2F}"
EndProject
Global
	GlobalSection(SolutionConfigurationPlatforms) = preSolution
		Debug|Any CPU = Debug|Any CPU
		Release|Any CPU = Release|Any CPU
	EndGlobalSection
	GlobalSection(ProjectConfigurationPlatforms) = postSolution
		{D285DD96-5141-4569-B79F-A239934B1B2F}.Debug|Any CPU.ActiveCfg = Debug|Any CPU
		{D285DD96-5141-4569-B79F-A239934B1B2F}.Debug|Any CPU.Build.0 = Debug|Any CPU
		{D285DD96-5141-4569-B79F-A239934B1B2F}.Release|Any CPU.ActiveCfg = Release|Any CPU
		{D285DD96-5141-4569-B79F-A239934B1B2F}.Release|Any CPU.Build.0 = Release|Any CPU
	EndGlobalSection
	GlobalSection(SolutionProperties) = preSolution
		HideSolutionNode = FALSE
	EndGlobalSection
	GlobalSection(ExtensibilityGlobals) = postSolution
		SolutionGuid = {B1EAFA96-0FE2-400B-A00D-32DE11C14C59}
	EndGlobalSection
EndGlobal
