
Microsoft Visual Studio Solution File, Format Version 12.00
# Visual Studio Version 17
VisualStudioVersion = 17.5.002.0
MinimumVisualStudioVersion = 10.0.40219.1
Project("{9A19103F-16F7-4668-BE54-9A1E7A4F7556}") = "learn-csharp", "learn-csharp.csproj", "{4B1D077C-8409-4F41-92FC-3BB00043E1BD}"
EndProject
Global
	GlobalSection(SolutionConfigurationPlatforms) = preSolution
		Debug|Any CPU = Debug|Any CPU
		Release|Any CPU = Release|Any CPU
	EndGlobalSection
	GlobalSection(ProjectConfigurationPlatforms) = postSolution
		{4B1D077C-8409-4F41-92FC-3BB00043E1BD}.Debug|Any CPU.ActiveCfg = Debug|Any CPU
		{4B1D077C-8409-4F41-92FC-3BB00043E1BD}.Debug|Any CPU.Build.0 = Debug|Any CPU
		{4B1D077C-8409-4F41-92FC-3BB00043E1BD}.Release|Any CPU.ActiveCfg = Release|Any CPU
		{4B1D077C-8409-4F41-92FC-3BB00043E1BD}.Release|Any CPU.Build.0 = Release|Any CPU
	EndGlobalSection
	GlobalSection(SolutionProperties) = preSolution
		HideSolutionNode = FALSE
	EndGlobalSection
	GlobalSection(ExtensibilityGlobals) = postSolution
		SolutionGuid = {216B4C78-F1B7-4777-891A-4BBE0F700A4D}
	EndGlobalSection
EndGlobal
